
Microsoft Visual Studio Solution File, Format Version 12.00
# Visual Studio Version 17
VisualStudioVersion = 17.4.33213.308
MinimumVisualStudioVersion = 10.0.40219.1
Project("{9A19103F-16F7-4668-BE54-9A1E7A4F7556}") = "WebApiPassword", "WebApiPassword\WebApiPassword.csproj", "{9C32F642-256F-4FD2-8D2E-B4648B8B9B6D}"
EndProject
Project("{FAE04EC0-301F-11D3-BF4B-00C04F79EFBC}") = "WebApiPasswordTest", "WebApiPasswordTest\WebApiPasswordTest.csproj", "{4B0F490B-9D74-4B0E-9F04-CF3A00826F9B}"
EndProject
Global
	GlobalSection(SolutionConfigurationPlatforms) = preSolution
		Debug|Any CPU = Debug|Any CPU
		Release|Any CPU = Release|Any CPU
	EndGlobalSection
	GlobalSection(ProjectConfigurationPlatforms) = postSolution
		{9C32F642-256F-4FD2-8D2E-B4648B8B9B6D}.Debug|Any CPU.ActiveCfg = Debug|Any CPU
		{9C32F642-256F-4FD2-8D2E-B4648B8B9B6D}.Debug|Any CPU.Build.0 = Debug|Any CPU
		{9C32F642-256F-4FD2-8D2E-B4648B8B9B6D}.Release|Any CPU.ActiveCfg = Release|Any CPU
		{9C32F642-256F-4FD2-8D2E-B4648B8B9B6D}.Release|Any CPU.Build.0 = Release|Any CPU
		{4B0F490B-9D74-4B0E-9F04-CF3A00826F9B}.Debug|Any CPU.ActiveCfg = Debug|Any CPU
		{4B0F490B-9D74-4B0E-9F04-CF3A00826F9B}.Debug|Any CPU.Build.0 = Debug|Any CPU
		{4B0F490B-9D74-4B0E-9F04-CF3A00826F9B}.Release|Any CPU.ActiveCfg = Release|Any CPU
		{4B0F490B-9D74-4B0E-9F04-CF3A00826F9B}.Release|Any CPU.Build.0 = Release|Any CPU
	EndGlobalSection
	GlobalSection(SolutionProperties) = preSolution
		HideSolutionNode = FALSE
	EndGlobalSection
	GlobalSection(ExtensibilityGlobals) = postSolution
		SolutionGuid = {42A2AA3D-F97B-4D5E-9788-8949E1FD7961}
	EndGlobalSection
EndGlobal
